
Microsoft Visual Studio Solution File, Format Version 12.00
# Visual Studio Version 16
VisualStudioVersion = 16.0.29926.136
MinimumVisualStudioVersion = 10.0.40219.1
Project("{FAE04EC0-301F-11D3-BF4B-00C04F79EFBC}") = "ProgramacionIII", "ProgramacionIII.csproj", "{454B79C8-C176-458A-A6B7-45F6879BD59E}"
EndProject
Project("{2150E333-8FDC-42A3-9474-1A3956D46DE8}") = "Ejercicios", "Ejercicios", "{7718DAC8-2A99-42EC-B927-33D3A151335F}"
EndProject
Project("{FAE04EC0-301F-11D3-BF4B-00C04F79EFBC}") = "EstructurasDeDesicion", "..\EstructurasDeDesicion\EstructurasDeDesicion.csproj", "{60E7A5EC-9AB3-4DB8-B981-ECE156BD9EA5}"
EndProject
Project("{FAE04EC0-301F-11D3-BF4B-00C04F79EFBC}") = "EstructurasRepetitivas", "..\EstructurasRepetitivas\EstructurasRepetitivas.csproj", "{284F60AA-9E91-4E4F-B2E6-A2D37ECF1106}"
EndProject
Project("{FAE04EC0-301F-11D3-BF4B-00C04F79EFBC}") = "Dado", "..\Dado\Dado.csproj", "{8C543479-7631-43C5-8C4F-6DDA20387198}"
EndProject
Project("{FAE04EC0-301F-11D3-BF4B-00C04F79EFBC}") = "ClaseModa", "..\ClaseModa\ClaseModa.csproj", "{E5BA16CD-CC4B-48E3-8B74-CB48D1266CFA}"
EndProject
Project("{FAE04EC0-301F-11D3-BF4B-00C04F79EFBC}") = "Fechas", "..\Fechas\Fechas.csproj", "{5802C4B0-2E40-46C8-A71D-EB9573E73187}"
EndProject
Project("{FAE04EC0-301F-11D3-BF4B-00C04F79EFBC}") = "parcial", "..\parcial\parcial.csproj", "{77DF5139-37AA-4B82-9321-4C1D59696E14}"
EndProject
Project("{2150E333-8FDC-42A3-9474-1A3956D46DE8}") = "ejercicioDado", "ejercicioDado", "{095C4CA3-FAD6-4642-B4AE-CA19359E00BC}"
EndProject
Project("{FAE04EC0-301F-11D3-BF4B-00C04F79EFBC}") = "DadosConApuestas", "..\DadosConApuestas\DadosConApuestas.csproj", "{65E001FA-4668-43C8-9F3C-BAA0ACC10022}"
EndProject
Project("{2150E333-8FDC-42A3-9474-1A3956D46DE8}") = "Fechas", "Fechas", "{56F07280-65F6-4C6C-A52A-F02016D04BF2}"
EndProject
Project("{FAE04EC0-301F-11D3-BF4B-00C04F79EFBC}") = "Fechas1", "..\Fechas1\Fechas1.csproj", "{7BC8C60A-8C7C-4E26-AEB6-2CF81E232603}"
EndProject
Project("{2150E333-8FDC-42A3-9474-1A3956D46DE8}") = "FechasyTiempo", "FechasyTiempo", "{0D165F87-7691-40BC-ADD9-F3CB8E4E27CA}"
EndProject
Project("{FAE04EC0-301F-11D3-BF4B-00C04F79EFBC}") = "FechasTiempo", "..\FechasTiempo\FechasTiempo.csproj", "{77603540-0F64-4C37-A053-31BC5A918329}"
EndProject
Project("{FAE04EC0-301F-11D3-BF4B-00C04F79EFBC}") = "ParcialPractico", "..\ParcialPractico\ParcialPractico.csproj", "{7FAC02E5-5E1C-4653-B431-C7EF1A74F4D7}"
EndProject
Project("{FAE04EC0-301F-11D3-BF4B-00C04F79EFBC}") = "ClaseDateTime", "..\ClaseDateTime\ClaseDateTime.csproj", "{558D7E66-AB51-46B3-9635-FB5A62806030}"
EndProject
Global
	GlobalSection(SolutionConfigurationPlatforms) = preSolution
		Debug|Any CPU = Debug|Any CPU
		Release|Any CPU = Release|Any CPU
	EndGlobalSection
	GlobalSection(ProjectConfigurationPlatforms) = postSolution
		{454B79C8-C176-458A-A6B7-45F6879BD59E}.Debug|Any CPU.ActiveCfg = Debug|Any CPU
		{454B79C8-C176-458A-A6B7-45F6879BD59E}.Debug|Any CPU.Build.0 = Debug|Any CPU
		{454B79C8-C176-458A-A6B7-45F6879BD59E}.Release|Any CPU.ActiveCfg = Release|Any CPU
		{454B79C8-C176-458A-A6B7-45F6879BD59E}.Release|Any CPU.Build.0 = Release|Any CPU
		{60E7A5EC-9AB3-4DB8-B981-ECE156BD9EA5}.Debug|Any CPU.ActiveCfg = Debug|Any CPU
		{60E7A5EC-9AB3-4DB8-B981-ECE156BD9EA5}.Debug|Any CPU.Build.0 = Debug|Any CPU
		{60E7A5EC-9AB3-4DB8-B981-ECE156BD9EA5}.Release|Any CPU.ActiveCfg = Release|Any CPU
		{60E7A5EC-9AB3-4DB8-B981-ECE156BD9EA5}.Release|Any CPU.Build.0 = Release|Any CPU
		{284F60AA-9E91-4E4F-B2E6-A2D37ECF1106}.Debug|Any CPU.ActiveCfg = Debug|Any CPU
		{284F60AA-9E91-4E4F-B2E6-A2D37ECF1106}.Debug|Any CPU.Build.0 = Debug|Any CPU
		{284F60AA-9E91-4E4F-B2E6-A2D37ECF1106}.Release|Any CPU.ActiveCfg = Release|Any CPU
		{284F60AA-9E91-4E4F-B2E6-A2D37ECF1106}.Release|Any CPU.Build.0 = Release|Any CPU
		{8C543479-7631-43C5-8C4F-6DDA20387198}.Debug|Any CPU.ActiveCfg = Debug|Any CPU
		{8C543479-7631-43C5-8C4F-6DDA20387198}.Debug|Any CPU.Build.0 = Debug|Any CPU
		{8C543479-7631-43C5-8C4F-6DDA20387198}.Release|Any CPU.ActiveCfg = Release|Any CPU
		{8C543479-7631-43C5-8C4F-6DDA20387198}.Release|Any CPU.Build.0 = Release|Any CPU
		{E5BA16CD-CC4B-48E3-8B74-CB48D1266CFA}.Debug|Any CPU.ActiveCfg = Debug|Any CPU
		{E5BA16CD-CC4B-48E3-8B74-CB48D1266CFA}.Debug|Any CPU.Build.0 = Debug|Any CPU
		{E5BA16CD-CC4B-48E3-8B74-CB48D1266CFA}.Release|Any CPU.ActiveCfg = Release|Any CPU
		{E5BA16CD-CC4B-48E3-8B74-CB48D1266CFA}.Release|Any CPU.Build.0 = Release|Any CPU
		{5802C4B0-2E40-46C8-A71D-EB9573E73187}.Debug|Any CPU.ActiveCfg = Debug|Any CPU
		{5802C4B0-2E40-46C8-A71D-EB9573E73187}.Debug|Any CPU.Build.0 = Debug|Any CPU
		{5802C4B0-2E40-46C8-A71D-EB9573E73187}.Release|Any CPU.ActiveCfg = Release|Any CPU
		{5802C4B0-2E40-46C8-A71D-EB9573E73187}.Release|Any CPU.Build.0 = Release|Any CPU
		{77DF5139-37AA-4B82-9321-4C1D59696E14}.Debug|Any CPU.ActiveCfg = Debug|Any CPU
		{77DF5139-37AA-4B82-9321-4C1D59696E14}.Debug|Any CPU.Build.0 = Debug|Any CPU
		{77DF5139-37AA-4B82-9321-4C1D59696E14}.Release|Any CPU.ActiveCfg = Release|Any CPU
		{77DF5139-37AA-4B82-9321-4C1D59696E14}.Release|Any CPU.Build.0 = Release|Any CPU
		{65E001FA-4668-43C8-9F3C-BAA0ACC10022}.Debug|Any CPU.ActiveCfg = Debug|Any CPU
		{65E001FA-4668-43C8-9F3C-BAA0ACC10022}.Debug|Any CPU.Build.0 = Debug|Any CPU
		{65E001FA-4668-43C8-9F3C-BAA0ACC10022}.Release|Any CPU.ActiveCfg = Release|Any CPU
		{65E001FA-4668-43C8-9F3C-BAA0ACC10022}.Release|Any CPU.Build.0 = Release|Any CPU
		{7BC8C60A-8C7C-4E26-AEB6-2CF81E232603}.Debug|Any CPU.ActiveCfg = Debug|Any CPU
		{7BC8C60A-8C7C-4E26-AEB6-2CF81E232603}.Debug|Any CPU.Build.0 = Debug|Any CPU
		{7BC8C60A-8C7C-4E26-AEB6-2CF81E232603}.Release|Any CPU.ActiveCfg = Release|Any CPU
		{7BC8C60A-8C7C-4E26-AEB6-2CF81E232603}.Release|Any CPU.Build.0 = Release|Any CPU
		{77603540-0F64-4C37-A053-31BC5A918329}.Debug|Any CPU.ActiveCfg = Debug|Any CPU
		{77603540-0F64-4C37-A053-31BC5A918329}.Debug|Any CPU.Build.0 = Debug|Any CPU
		{77603540-0F64-4C37-A053-31BC5A918329}.Release|Any CPU.ActiveCfg = Release|Any CPU
		{77603540-0F64-4C37-A053-31BC5A918329}.Release|Any CPU.Build.0 = Release|Any CPU
		{7FAC02E5-5E1C-4653-B431-C7EF1A74F4D7}.Debug|Any CPU.ActiveCfg = Debug|Any CPU
		{7FAC02E5-5E1C-4653-B431-C7EF1A74F4D7}.Debug|Any CPU.Build.0 = Debug|Any CPU
		{7FAC02E5-5E1C-4653-B431-C7EF1A74F4D7}.Release|Any CPU.ActiveCfg = Release|Any CPU
		{7FAC02E5-5E1C-4653-B431-C7EF1A74F4D7}.Release|Any CPU.Build.0 = Release|Any CPU
		{558D7E66-AB51-46B3-9635-FB5A62806030}.Debug|Any CPU.ActiveCfg = Debug|Any CPU
		{558D7E66-AB51-46B3-9635-FB5A62806030}.Debug|Any CPU.Build.0 = Debug|Any CPU
		{558D7E66-AB51-46B3-9635-FB5A62806030}.Release|Any CPU.ActiveCfg = Release|Any CPU
		{558D7E66-AB51-46B3-9635-FB5A62806030}.Release|Any CPU.Build.0 = Release|Any CPU
	EndGlobalSection
	GlobalSection(SolutionProperties) = preSolution
		HideSolutionNode = FALSE
	EndGlobalSection
	GlobalSection(NestedProjects) = preSolution
		{454B79C8-C176-458A-A6B7-45F6879BD59E} = {7718DAC8-2A99-42EC-B927-33D3A151335F}
		{60E7A5EC-9AB3-4DB8-B981-ECE156BD9EA5} = {7718DAC8-2A99-42EC-B927-33D3A151335F}
		{284F60AA-9E91-4E4F-B2E6-A2D37ECF1106} = {7718DAC8-2A99-42EC-B927-33D3A151335F}
		{8C543479-7631-43C5-8C4F-6DDA20387198} = {7718DAC8-2A99-42EC-B927-33D3A151335F}
		{E5BA16CD-CC4B-48E3-8B74-CB48D1266CFA} = {7718DAC8-2A99-42EC-B927-33D3A151335F}
		{5802C4B0-2E40-46C8-A71D-EB9573E73187} = {7718DAC8-2A99-42EC-B927-33D3A151335F}
		{77DF5139-37AA-4B82-9321-4C1D59696E14} = {7718DAC8-2A99-42EC-B927-33D3A151335F}
		{65E001FA-4668-43C8-9F3C-BAA0ACC10022} = {095C4CA3-FAD6-4642-B4AE-CA19359E00BC}
		{7BC8C60A-8C7C-4E26-AEB6-2CF81E232603} = {56F07280-65F6-4C6C-A52A-F02016D04BF2}
		{77603540-0F64-4C37-A053-31BC5A918329} = {0D165F87-7691-40BC-ADD9-F3CB8E4E27CA}
		{7FAC02E5-5E1C-4653-B431-C7EF1A74F4D7} = {56F07280-65F6-4C6C-A52A-F02016D04BF2}
		{558D7E66-AB51-46B3-9635-FB5A62806030} = {56F07280-65F6-4C6C-A52A-F02016D04BF2}
	EndGlobalSection
	GlobalSection(ExtensibilityGlobals) = postSolution
		SolutionGuid = {F971C131-FE06-4ABC-8E4F-4702677D779C}
	EndGlobalSection
EndGlobal
